
Microsoft Visual Studio Solution File, Format Version 12.00
# Visual Studio 15
VisualStudioVersion = 15.0.27703.2000
MinimumVisualStudioVersion = 10.0.40219.1
Project("{FAE04EC0-301F-11D3-BF4B-00C04F79EFBC}") = "Angular", "Angular\Angular.csproj", "{8BD9C8FD-E76D-49B1-AB58-BCAB3D7DDD8B}"
EndProject
Project("{FAE04EC0-301F-11D3-BF4B-00C04F79EFBC}") = "Backend", "Backend\Backend.csproj", "{0FA38B5E-744F-4B33-B9A7-D6E35E81CBE8}"
EndProject
Global
	GlobalSection(SolutionConfigurationPlatforms) = preSolution
		Debug|Any CPU = Debug|Any CPU
		Release|Any CPU = Release|Any CPU
	EndGlobalSection
	GlobalSection(ProjectConfigurationPlatforms) = postSolution
		{8BD9C8FD-E76D-49B1-AB58-BCAB3D7DDD8B}.Debug|Any CPU.ActiveCfg = Debug|Any CPU
		{8BD9C8FD-E76D-49B1-AB58-BCAB3D7DDD8B}.Debug|Any CPU.Build.0 = Debug|Any CPU
		{8BD9C8FD-E76D-49B1-AB58-BCAB3D7DDD8B}.Release|Any CPU.ActiveCfg = Release|Any CPU
		{8BD9C8FD-E76D-49B1-AB58-BCAB3D7DDD8B}.Release|Any CPU.Build.0 = Release|Any CPU
		{0FA38B5E-744F-4B33-B9A7-D6E35E81CBE8}.Debug|Any CPU.ActiveCfg = Debug|Any CPU
		{0FA38B5E-744F-4B33-B9A7-D6E35E81CBE8}.Debug|Any CPU.Build.0 = Debug|Any CPU
		{0FA38B5E-744F-4B33-B9A7-D6E35E81CBE8}.Release|Any CPU.ActiveCfg = Release|Any CPU
		{0FA38B5E-744F-4B33-B9A7-D6E35E81CBE8}.Release|Any CPU.Build.0 = Release|Any CPU
	EndGlobalSection
	GlobalSection(SolutionProperties) = preSolution
		HideSolutionNode = FALSE
	EndGlobalSection
	GlobalSection(ExtensibilityGlobals) = postSolution
		SolutionGuid = {C9134065-49D5-4912-BED6-E65D5324C582}
	EndGlobalSection
EndGlobal
